
Microsoft Visual Studio Solution File, Format Version 12.00
# Visual Studio 15
VisualStudioVersion = 15.0.34112.143
MinimumVisualStudioVersion = 10.0.40219.1
Project("{FAE04EC0-301F-11D3-BF4B-00C04F79EFBC}") = "FormServer", "FormServer\FormServer.csproj", "{B213AD32-A523-4533-86EE-8F1F3651D844}"
EndProject
Project("{FAE04EC0-301F-11D3-BF4B-00C04F79EFBC}") = "FormClient", "FormClient\FormClient.csproj", "{C4FCF05B-1A0C-42E4-98A9-8A851D3BBFA3}"
EndProject
Global
	GlobalSection(SolutionConfigurationPlatforms) = preSolution
		Debug|Any CPU = Debug|Any CPU
		Release|Any CPU = Release|Any CPU
	EndGlobalSection
	GlobalSection(ProjectConfigurationPlatforms) = postSolution
		{B213AD32-A523-4533-86EE-8F1F3651D844}.Debug|Any CPU.ActiveCfg = Debug|Any CPU
		{B213AD32-A523-4533-86EE-8F1F3651D844}.Debug|Any CPU.Build.0 = Debug|Any CPU
		{B213AD32-A523-4533-86EE-8F1F3651D844}.Release|Any CPU.ActiveCfg = Release|Any CPU
		{B213AD32-A523-4533-86EE-8F1F3651D844}.Release|Any CPU.Build.0 = Release|Any CPU
		{C4FCF05B-1A0C-42E4-98A9-8A851D3BBFA3}.Debug|Any CPU.ActiveCfg = Debug|Any CPU
		{C4FCF05B-1A0C-42E4-98A9-8A851D3BBFA3}.Debug|Any CPU.Build.0 = Debug|Any CPU
		{C4FCF05B-1A0C-42E4-98A9-8A851D3BBFA3}.Release|Any CPU.ActiveCfg = Release|Any CPU
		{C4FCF05B-1A0C-42E4-98A9-8A851D3BBFA3}.Release|Any CPU.Build.0 = Release|Any CPU
	EndGlobalSection
	GlobalSection(SolutionProperties) = preSolution
		HideSolutionNode = FALSE
	EndGlobalSection
	GlobalSection(ExtensibilityGlobals) = postSolution
		SolutionGuid = {A54B6DAA-691D-446B-A426-E271C4D1783D}
	EndGlobalSection
EndGlobal
